
Microsoft Visual Studio Solution File, Format Version 12.00
# Visual Studio Version 17
VisualStudioVersion = 17.11.35327.3
MinimumVisualStudioVersion = 10.0.40219.1
Project("{8BC9CEB8-8B4A-11D0-8D11-00A0C91BC942}") = "Kukuri Helper", "Kukuri Helper.vcxproj", "{5724ECE1-0602-4E42-839C-C27970CAFD97}"
EndProject
Global
	GlobalSection(SolutionConfigurationPlatforms) = preSolution
		Debug|x64 = Debug|x64
		Debug|x86 = Debug|x86
		Release|x64 = Release|x64
		Release|x86 = Release|x86
	EndGlobalSection
	GlobalSection(ProjectConfigurationPlatforms) = postSolution
		{5724ECE1-0602-4E42-839C-C27970CAFD97}.Debug|x64.ActiveCfg = Debug|x64
		{5724ECE1-0602-4E42-839C-C27970CAFD97}.Debug|x64.Build.0 = Debug|x64
		{5724ECE1-0602-4E42-839C-C27970CAFD97}.Debug|x86.ActiveCfg = Debug|Win32
		{5724ECE1-0602-4E42-839C-C27970CAFD97}.Debug|x86.Build.0 = Debug|Win32
		{5724ECE1-0602-4E42-839C-C27970CAFD97}.Release|x64.ActiveCfg = Release|x64
		{5724ECE1-0602-4E42-839C-C27970CAFD97}.Release|x64.Build.0 = Release|x64
		{5724ECE1-0602-4E42-839C-C27970CAFD97}.Release|x86.ActiveCfg = Release|Win32
		{5724ECE1-0602-4E42-839C-C27970CAFD97}.Release|x86.Build.0 = Release|Win32
	EndGlobalSection
	GlobalSection(SolutionProperties) = preSolution
		HideSolutionNode = FALSE
	EndGlobalSection
	GlobalSection(ExtensibilityGlobals) = postSolution
		SolutionGuid = {B6FC615C-6F54-4A03-A9AB-10C9BA19BB20}
	EndGlobalSection
EndGlobal
